
Microsoft Visual Studio Solution File, Format Version 12.00
# Visual Studio Version 16
VisualStudioVersion = 16.0.34114.132
MinimumVisualStudioVersion = 10.0.40219.1
Project("{FAE04EC0-301F-11D3-BF4B-00C04F79EFBC}") = "PROG3070_TermProject_ConfigTool", "PROG3070_TermProject_ConfigTool.csproj", "{CA842697-7027-4A9D-B2EC-C2B31C7D665A}"
EndProject
Global
	GlobalSection(SolutionConfigurationPlatforms) = preSolution
		Debug|Any CPU = Debug|Any CPU
		Release|Any CPU = Release|Any CPU
	EndGlobalSection
	GlobalSection(ProjectConfigurationPlatforms) = postSolution
		{CA842697-7027-4A9D-B2EC-C2B31C7D665A}.Debug|Any CPU.ActiveCfg = Debug|Any CPU
		{CA842697-7027-4A9D-B2EC-C2B31C7D665A}.Debug|Any CPU.Build.0 = Debug|Any CPU
		{CA842697-7027-4A9D-B2EC-C2B31C7D665A}.Release|Any CPU.ActiveCfg = Release|Any CPU
		{CA842697-7027-4A9D-B2EC-C2B31C7D665A}.Release|Any CPU.Build.0 = Release|Any CPU
	EndGlobalSection
	GlobalSection(SolutionProperties) = preSolution
		HideSolutionNode = FALSE
	EndGlobalSection
	GlobalSection(ExtensibilityGlobals) = postSolution
		SolutionGuid = {54543974-69D2-4859-8D69-F3860DFB03C1}
	EndGlobalSection
EndGlobal
