
Microsoft Visual Studio Solution File, Format Version 12.00
# Visual Studio Version 17
VisualStudioVersion = 17.8.34309.116
MinimumVisualStudioVersion = 10.0.40219.1
Project("{FAE04EC0-301F-11D3-BF4B-00C04F79EFBC}") = "Workstation Sim", "..\Workstation Sim\Workstation Sim.csproj", "{C309C092-E8A2-44EB-B12C-9616C31973F7}"
EndProject
Project("{FAE04EC0-301F-11D3-BF4B-00C04F79EFBC}") = "RunnerStationStatus", "..\RunnerStationStatus\RunnerStationStatus.csproj", "{59425763-A6CD-4ABC-8BE3-2524D05CC9C6}"
EndProject
Project("{FAE04EC0-301F-11D3-BF4B-00C04F79EFBC}") = "RunnerProgram", "..\RunnerProgram\RunnerProgram.csproj", "{F2B34B3B-14F5-4EC5-9538-16B94BF18340}"
EndProject
Project("{FAE04EC0-301F-11D3-BF4B-00C04F79EFBC}") = "AssemblyLineKanbanDisplay", "..\AssemblyLineKanbanDisplay\AssemblyLineKanbanDisplay.csproj", "{5B792E3B-A88B-4C2B-B0EC-0ED54B1A6099}"
Project("{FAE04EC0-301F-11D3-BF4B-00C04F79EFBC}") = "Andon Station Display", "..\Andon Station Display\Andon Station Display.csproj", "{A361D054-27B6-418F-A00C-261AC4DBAE14}"
EndProject
Global
	GlobalSection(SolutionConfigurationPlatforms) = preSolution
		Debug|Any CPU = Debug|Any CPU
		Release|Any CPU = Release|Any CPU
	EndGlobalSection
	GlobalSection(ProjectConfigurationPlatforms) = postSolution
		{C309C092-E8A2-44EB-B12C-9616C31973F7}.Debug|Any CPU.ActiveCfg = Debug|Any CPU
		{C309C092-E8A2-44EB-B12C-9616C31973F7}.Debug|Any CPU.Build.0 = Debug|Any CPU
		{C309C092-E8A2-44EB-B12C-9616C31973F7}.Release|Any CPU.ActiveCfg = Release|Any CPU
		{C309C092-E8A2-44EB-B12C-9616C31973F7}.Release|Any CPU.Build.0 = Release|Any CPU
		{59425763-A6CD-4ABC-8BE3-2524D05CC9C6}.Debug|Any CPU.ActiveCfg = Debug|Any CPU
		{59425763-A6CD-4ABC-8BE3-2524D05CC9C6}.Debug|Any CPU.Build.0 = Debug|Any CPU
		{59425763-A6CD-4ABC-8BE3-2524D05CC9C6}.Release|Any CPU.ActiveCfg = Release|Any CPU
		{59425763-A6CD-4ABC-8BE3-2524D05CC9C6}.Release|Any CPU.Build.0 = Release|Any CPU
		{F2B34B3B-14F5-4EC5-9538-16B94BF18340}.Debug|Any CPU.ActiveCfg = Debug|Any CPU
		{F2B34B3B-14F5-4EC5-9538-16B94BF18340}.Debug|Any CPU.Build.0 = Debug|Any CPU
		{F2B34B3B-14F5-4EC5-9538-16B94BF18340}.Release|Any CPU.ActiveCfg = Release|Any CPU
		{F2B34B3B-14F5-4EC5-9538-16B94BF18340}.Release|Any CPU.Build.0 = Release|Any CPU
		{5B792E3B-A88B-4C2B-B0EC-0ED54B1A6099}.Debug|Any CPU.ActiveCfg = Debug|Any CPU
		{5B792E3B-A88B-4C2B-B0EC-0ED54B1A6099}.Debug|Any CPU.Build.0 = Debug|Any CPU
		{5B792E3B-A88B-4C2B-B0EC-0ED54B1A6099}.Release|Any CPU.ActiveCfg = Release|Any CPU
		{5B792E3B-A88B-4C2B-B0EC-0ED54B1A6099}.Release|Any CPU.Build.0 = Release|Any CPU
		{A361D054-27B6-418F-A00C-261AC4DBAE14}.Debug|Any CPU.ActiveCfg = Debug|Any CPU
		{A361D054-27B6-418F-A00C-261AC4DBAE14}.Debug|Any CPU.Build.0 = Debug|Any CPU
		{A361D054-27B6-418F-A00C-261AC4DBAE14}.Release|Any CPU.ActiveCfg = Release|Any CPU
		{A361D054-27B6-418F-A00C-261AC4DBAE14}.Release|Any CPU.Build.0 = Release|Any CPU
	EndGlobalSection
	GlobalSection(SolutionProperties) = preSolution
		HideSolutionNode = FALSE
	EndGlobalSection
	GlobalSection(ExtensibilityGlobals) = postSolution
		SolutionGuid = {CB4D0D7E-9BF9-4ECB-8C2E-7D9FA8BE81D5}
	EndGlobalSection
EndGlobal
